// !$*UTF8*$!
{
	archiveVersion = 1;
	classes = {
	};
	objectVersion = 55;
	objects = {

/* Begin PBXBuildFile section */
		09A3592527F74777003817FC /* Tests_iOS.swift in Sources */ = {isa = PBXBuildFile; fileRef = 09A3592427F74777003817FC /* Tests_iOS.swift */; };
		09A3592727F74777003817FC /* Tests_iOSLaunchTests.swift in Sources */ = {isa = PBXBuildFile; fileRef = 09A3592627F74777003817FC /* Tests_iOSLaunchTests.swift */; };
		09A3593127F74777003817FC /* Tests_macOS.swift in Sources */ = {isa = PBXBuildFile; fileRef = 09A3593027F74777003817FC /* Tests_macOS.swift */; };
		09A3593327F74777003817FC /* Tests_macOSLaunchTests.swift in Sources */ = {isa = PBXBuildFile; fileRef = 09A3593227F74777003817FC /* Tests_macOSLaunchTests.swift */; };
		09A3593427F74777003817FC /* Final_ProjectApp.swift in Sources */ = {isa = PBXBuildFile; fileRef = 09A3590C27F74775003817FC /* Final_ProjectApp.swift */; };
		09A3593527F74777003817FC /* Final_ProjectApp.swift in Sources */ = {isa = PBXBuildFile; fileRef = 09A3590C27F74775003817FC /* Final_ProjectApp.swift */; };
		09A3593627F74777003817FC /* ContentView.swift in Sources */ = {isa = PBXBuildFile; fileRef = 09A3590D27F74775003817FC /* ContentView.swift */; };
		09A3593727F74777003817FC /* ContentView.swift in Sources */ = {isa = PBXBuildFile; fileRef = 09A3590D27F74775003817FC /* ContentView.swift */; };
		09A3593827F74777003817FC /* Assets.xcassets in Resources */ = {isa = PBXBuildFile; fileRef = 09A3590E27F74777003817FC /* Assets.xcassets */; };
		09A3593927F74777003817FC /* Assets.xcassets in Resources */ = {isa = PBXBuildFile; fileRef = 09A3590E27F74777003817FC /* Assets.xcassets */; };
		09A3595628008AA9003817FC /* CorePlot in Frameworks */ = {isa = PBXBuildFile; productRef = 09A3595528008AA9003817FC /* CorePlot */; };
		09A3595928008AB7003817FC /* CorePlot in Frameworks */ = {isa = PBXBuildFile; productRef = 09A3595828008AB7003817FC /* CorePlot */; };
		09A3595C2800B1B4003817FC /* CorePlot.swift in Sources */ = {isa = PBXBuildFile; fileRef = 09A3595B2800B1B4003817FC /* CorePlot.swift */; };
		09A3595D2800B1B4003817FC /* CorePlot.swift in Sources */ = {isa = PBXBuildFile; fileRef = 09A3595B2800B1B4003817FC /* CorePlot.swift */; };
		09A3595F2800B1DD003817FC /* ChangingPlotParameters.swift in Sources */ = {isa = PBXBuildFile; fileRef = 09A3595E2800B1DD003817FC /* ChangingPlotParameters.swift */; };
		09A359602800B1DD003817FC /* ChangingPlotParameters.swift in Sources */ = {isa = PBXBuildFile; fileRef = 09A3595E2800B1DD003817FC /* ChangingPlotParameters.swift */; };
		09A359622800B1F9003817FC /* PlotDataClass.swift in Sources */ = {isa = PBXBuildFile; fileRef = 09A359612800B1F9003817FC /* PlotDataClass.swift */; };
		09A359632800B1F9003817FC /* PlotDataClass.swift in Sources */ = {isa = PBXBuildFile; fileRef = 09A359612800B1F9003817FC /* PlotDataClass.swift */; };
		09A359652809DFE3003817FC /* CalculatePlotData.swift in Sources */ = {isa = PBXBuildFile; fileRef = 09A359642809DFE3003817FC /* CalculatePlotData.swift */; };
		09A359662809DFE3003817FC /* CalculatePlotData.swift in Sources */ = {isa = PBXBuildFile; fileRef = 09A359642809DFE3003817FC /* CalculatePlotData.swift */; };
		09A359682809E0D2003817FC /* TextView.swift in Sources */ = {isa = PBXBuildFile; fileRef = 09A359672809E0D2003817FC /* TextView.swift */; };
		09A359692809E0D2003817FC /* TextView.swift in Sources */ = {isa = PBXBuildFile; fileRef = 09A359672809E0D2003817FC /* TextView.swift */; };
		09A3596B2809E11C003817FC /* TextExportDocuments.swift in Sources */ = {isa = PBXBuildFile; fileRef = 09A3596A2809E11C003817FC /* TextExportDocuments.swift */; };
		09A3596C2809E11C003817FC /* TextExportDocuments.swift in Sources */ = {isa = PBXBuildFile; fileRef = 09A3596A2809E11C003817FC /* TextExportDocuments.swift */; };
		09A3596F280DB48F003817FC /* ComplexModule in Frameworks */ = {isa = PBXBuildFile; productRef = 09A3596E280DB48F003817FC /* ComplexModule */; };
		09A35971280DB48F003817FC /* Numerics in Frameworks */ = {isa = PBXBuildFile; productRef = 09A35970280DB48F003817FC /* Numerics */; };
		09A35973280DB48F003817FC /* RealModule in Frameworks */ = {isa = PBXBuildFile; productRef = 09A35972280DB48F003817FC /* RealModule */; };
		09A359752813146E003817FC /* ComplexModule in Frameworks */ = {isa = PBXBuildFile; productRef = 09A359742813146E003817FC /* ComplexModule */; };
		09A3597728131471003817FC /* Numerics in Frameworks */ = {isa = PBXBuildFile; productRef = 09A3597628131471003817FC /* Numerics */; };
		09A35979282437A0003817FC /* Band_calc.swift in Sources */ = {isa = PBXBuildFile; fileRef = 09A35978282437A0003817FC /* Band_calc.swift */; };
		09A3597A282437A0003817FC /* Band_calc.swift in Sources */ = {isa = PBXBuildFile; fileRef = 09A35978282437A0003817FC /* Band_calc.swift */; };
/* End PBXBuildFile section */

/* Begin PBXContainerItemProxy section */
		09A3592127F74777003817FC /* PBXContainerItemProxy */ = {
			isa = PBXContainerItemProxy;
			containerPortal = 09A3590727F74775003817FC /* Project object */;
			proxyType = 1;
			remoteGlobalIDString = 09A3591227F74777003817FC;
			remoteInfo = "Final Project (iOS)";
		};
		09A3592D27F74777003817FC /* PBXContainerItemProxy */ = {
			isa = PBXContainerItemProxy;
			containerPortal = 09A3590727F74775003817FC /* Project object */;
			proxyType = 1;
			remoteGlobalIDString = 09A3591827F74777003817FC;
			remoteInfo = "Final Project (macOS)";
		};
/* End PBXContainerItemProxy section */

/* Begin PBXFileReference section */
		09A3590C27F74775003817FC /* Final_ProjectApp.swift */ = {isa = PBXFileReference; lastKnownFileType = sourcecode.swift; path = Final_ProjectApp.swift; sourceTree = "<group>"; };
		09A3590D27F74775003817FC /* ContentView.swift */ = {isa = PBXFileReference; lastKnownFileType = sourcecode.swift; path = ContentView.swift; sourceTree = "<group>"; };
		09A3590E27F74777003817FC /* Assets.xcassets */ = {isa = PBXFileReference; lastKnownFileType = folder.assetcatalog; path = Assets.xcassets; sourceTree = "<group>"; };
		09A3591327F74777003817FC /* Final Project.app */ = {isa = PBXFileReference; explicitFileType = wrapper.application; includeInIndex = 0; path = "Final Project.app"; sourceTree = BUILT_PRODUCTS_DIR; };
		09A3591927F74777003817FC /* Final Project.app */ = {isa = PBXFileReference; explicitFileType = wrapper.application; includeInIndex = 0; path = "Final Project.app"; sourceTree = BUILT_PRODUCTS_DIR; };
		09A3591B27F74777003817FC /* macOS.entitlements */ = {isa = PBXFileReference; lastKnownFileType = text.plist.entitlements; path = macOS.entitlements; sourceTree = "<group>"; };
		09A3592027F74777003817FC /* Tests iOS.xctest */ = {isa = PBXFileReference; explicitFileType = wrapper.cfbundle; includeInIndex = 0; path = "Tests iOS.xctest"; sourceTree = BUILT_PRODUCTS_DIR; };
		09A3592427F74777003817FC /* Tests_iOS.swift */ = {isa = PBXFileReference; lastKnownFileType = sourcecode.swift; path = Tests_iOS.swift; sourceTree = "<group>"; };
		09A3592627F74777003817FC /* Tests_iOSLaunchTests.swift */ = {isa = PBXFileReference; lastKnownFileType = sourcecode.swift; path = Tests_iOSLaunchTests.swift; sourceTree = "<group>"; };
		09A3592C27F74777003817FC /* Tests macOS.xctest */ = {isa = PBXFileReference; explicitFileType = wrapper.cfbundle; includeInIndex = 0; path = "Tests macOS.xctest"; sourceTree = BUILT_PRODUCTS_DIR; };
		09A3593027F74777003817FC /* Tests_macOS.swift */ = {isa = PBXFileReference; lastKnownFileType = sourcecode.swift; path = Tests_macOS.swift; sourceTree = "<group>"; };
		09A3593227F74777003817FC /* Tests_macOSLaunchTests.swift */ = {isa = PBXFileReference; lastKnownFileType = sourcecode.swift; path = Tests_macOSLaunchTests.swift; sourceTree = "<group>"; };
		09A3595B2800B1B4003817FC /* CorePlot.swift */ = {isa = PBXFileReference; lastKnownFileType = sourcecode.swift; path = CorePlot.swift; sourceTree = "<group>"; };
		09A3595E2800B1DD003817FC /* ChangingPlotParameters.swift */ = {isa = PBXFileReference; lastKnownFileType = sourcecode.swift; path = ChangingPlotParameters.swift; sourceTree = "<group>"; };
		09A359612800B1F9003817FC /* PlotDataClass.swift */ = {isa = PBXFileReference; lastKnownFileType = sourcecode.swift; path = PlotDataClass.swift; sourceTree = "<group>"; };
		09A359642809DFE3003817FC /* CalculatePlotData.swift */ = {isa = PBXFileReference; lastKnownFileType = sourcecode.swift; path = CalculatePlotData.swift; sourceTree = "<group>"; };
		09A359672809E0D2003817FC /* TextView.swift */ = {isa = PBXFileReference; lastKnownFileType = sourcecode.swift; path = TextView.swift; sourceTree = "<group>"; };
		09A3596A2809E11C003817FC /* TextExportDocuments.swift */ = {isa = PBXFileReference; lastKnownFileType = sourcecode.swift; path = TextExportDocuments.swift; sourceTree = "<group>"; };
		09A35978282437A0003817FC /* Band_calc.swift */ = {isa = PBXFileReference; lastKnownFileType = sourcecode.swift; path = Band_calc.swift; sourceTree = "<group>"; };
/* End PBXFileReference section */

/* Begin PBXFrameworksBuildPhase section */
		09A3591027F74777003817FC /* Frameworks */ = {
			isa = PBXFrameworksBuildPhase;
			buildActionMask = 2147483647;
			files = (
				09A35973280DB48F003817FC /* RealModule in Frameworks */,
				09A3595628008AA9003817FC /* CorePlot in Frameworks */,
				09A35971280DB48F003817FC /* Numerics in Frameworks */,
				09A3596F280DB48F003817FC /* ComplexModule in Frameworks */,
			);
			runOnlyForDeploymentPostprocessing = 0;
		};
		09A3591627F74777003817FC /* Frameworks */ = {
			isa = PBXFrameworksBuildPhase;
			buildActionMask = 2147483647;
			files = (
				09A3595928008AB7003817FC /* CorePlot in Frameworks */,
				09A3597728131471003817FC /* Numerics in Frameworks */,
				09A359752813146E003817FC /* ComplexModule in Frameworks */,
			);
			runOnlyForDeploymentPostprocessing = 0;
		};
		09A3591D27F74777003817FC /* Frameworks */ = {
			isa = PBXFrameworksBuildPhase;
			buildActionMask = 2147483647;
			files = (
			);
			runOnlyForDeploymentPostprocessing = 0;
		};
		09A3592927F74777003817FC /* Frameworks */ = {
			isa = PBXFrameworksBuildPhase;
			buildActionMask = 2147483647;
			files = (
			);
			runOnlyForDeploymentPostprocessing = 0;
		};
/* End PBXFrameworksBuildPhase section */

/* Begin PBXGroup section */
		09A3590627F74775003817FC = {
			isa = PBXGroup;
			children = (
				09A3590B27F74775003817FC /* Shared */,
				09A3591A27F74777003817FC /* macOS */,
				09A3592327F74777003817FC /* Tests iOS */,
				09A3592F27F74777003817FC /* Tests macOS */,
				09A3591427F74777003817FC /* Products */,
				09A3595728008AB7003817FC /* Frameworks */,
			);
			sourceTree = "<group>";
		};
		09A3590B27F74775003817FC /* Shared */ = {
			isa = PBXGroup;
			children = (
				09A3590C27F74775003817FC /* Final_ProjectApp.swift */,
				09A3590D27F74775003817FC /* ContentView.swift */,
				09A35978282437A0003817FC /* Band_calc.swift */,
				09A3595A2800B18A003817FC /* Core Plot Files  */,
				09A3590E27F74777003817FC /* Assets.xcassets */,
			);
			path = Shared;
			sourceTree = "<group>";
		};
		09A3591427F74777003817FC /* Products */ = {
			isa = PBXGroup;
			children = (
				09A3591327F74777003817FC /* Final Project.app */,
				09A3591927F74777003817FC /* Final Project.app */,
				09A3592027F74777003817FC /* Tests iOS.xctest */,
				09A3592C27F74777003817FC /* Tests macOS.xctest */,
			);
			name = Products;
			sourceTree = "<group>";
		};
		09A3591A27F74777003817FC /* macOS */ = {
			isa = PBXGroup;
			children = (
				09A3591B27F74777003817FC /* macOS.entitlements */,
			);
			path = macOS;
			sourceTree = "<group>";
		};
		09A3592327F74777003817FC /* Tests iOS */ = {
			isa = PBXGroup;
			children = (
				09A3592427F74777003817FC /* Tests_iOS.swift */,
				09A3592627F74777003817FC /* Tests_iOSLaunchTests.swift */,
			);
			path = "Tests iOS";
			sourceTree = "<group>";
		};
		09A3592F27F74777003817FC /* Tests macOS */ = {
			isa = PBXGroup;
			children = (
				09A3593027F74777003817FC /* Tests_macOS.swift */,
				09A3593227F74777003817FC /* Tests_macOSLaunchTests.swift */,
			);
			path = "Tests macOS";
			sourceTree = "<group>";
		};
		09A3595728008AB7003817FC /* Frameworks */ = {
			isa = PBXGroup;
			children = (
			);
			name = Frameworks;
			sourceTree = "<group>";
		};
		09A3595A2800B18A003817FC /* Core Plot Files  */ = {
			isa = PBXGroup;
			children = (
				09A3595B2800B1B4003817FC /* CorePlot.swift */,
				09A3596A2809E11C003817FC /* TextExportDocuments.swift */,
				09A359672809E0D2003817FC /* TextView.swift */,
				09A359642809DFE3003817FC /* CalculatePlotData.swift */,
				09A3595E2800B1DD003817FC /* ChangingPlotParameters.swift */,
				09A359612800B1F9003817FC /* PlotDataClass.swift */,
			);
			path = "Core Plot Files ";
			sourceTree = "<group>";
		};
/* End PBXGroup section */

/* Begin PBXNativeTarget section */
		09A3591227F74777003817FC /* Final Project (iOS) */ = {
			isa = PBXNativeTarget;
			buildConfigurationList = 09A3593C27F74777003817FC /* Build configuration list for PBXNativeTarget "Final Project (iOS)" */;
			buildPhases = (
				09A3590F27F74777003817FC /* Sources */,
				09A3591027F74777003817FC /* Frameworks */,
				09A3591127F74777003817FC /* Resources */,
			);
			buildRules = (
			);
			dependencies = (
			);
			name = "Final Project (iOS)";
			packageProductDependencies = (
				09A3595528008AA9003817FC /* CorePlot */,
				09A3596E280DB48F003817FC /* ComplexModule */,
				09A35970280DB48F003817FC /* Numerics */,
				09A35972280DB48F003817FC /* RealModule */,
			);
			productName = "Final Project (iOS)";
			productReference = 09A3591327F74777003817FC /* Final Project.app */;
			productType = "com.apple.product-type.application";
		};
		09A3591827F74777003817FC /* Final Project (macOS) */ = {
			isa = PBXNativeTarget;
			buildConfigurationList = 09A3593F27F74777003817FC /* Build configuration list for PBXNativeTarget "Final Project (macOS)" */;
			buildPhases = (
				09A3591527F74777003817FC /* Sources */,
				09A3591627F74777003817FC /* Frameworks */,
				09A3591727F74777003817FC /* Resources */,
			);
			buildRules = (
			);
			dependencies = (
			);
			name = "Final Project (macOS)";
			packageProductDependencies = (
				09A3595828008AB7003817FC /* CorePlot */,
				09A359742813146E003817FC /* ComplexModule */,
				09A3597628131471003817FC /* Numerics */,
			);
			productName = "Final Project (macOS)";
			productReference = 09A3591927F74777003817FC /* Final Project.app */;
			productType = "com.apple.product-type.application";
		};
		09A3591F27F74777003817FC /* Tests iOS */ = {
			isa = PBXNativeTarget;
			buildConfigurationList = 09A3594227F74777003817FC /* Build configuration list for PBXNativeTarget "Tests iOS" */;
			buildPhases = (
				09A3591C27F74777003817FC /* Sources */,
				09A3591D27F74777003817FC /* Frameworks */,
				09A3591E27F74777003817FC /* Resources */,
			);
			buildRules = (
			);
			dependencies = (
				09A3592227F74777003817FC /* PBXTargetDependency */,
			);
			name = "Tests iOS";
			productName = "Tests iOS";
			productReference = 09A3592027F74777003817FC /* Tests iOS.xctest */;
			productType = "com.apple.product-type.bundle.ui-testing";
		};
		09A3592B27F74777003817FC /* Tests macOS */ = {
			isa = PBXNativeTarget;
			buildConfigurationList = 09A3594527F74777003817FC /* Build configuration list for PBXNativeTarget "Tests macOS" */;
			buildPhases = (
				09A3592827F74777003817FC /* Sources */,
				09A3592927F74777003817FC /* Frameworks */,
				09A3592A27F74777003817FC /* Resources */,
			);
			buildRules = (
			);
			dependencies = (
				09A3592E27F74777003817FC /* PBXTargetDependency */,
			);
			name = "Tests macOS";
			productName = "Tests macOS";
			productReference = 09A3592C27F74777003817FC /* Tests macOS.xctest */;
			productType = "com.apple.product-type.bundle.ui-testing";
		};
/* End PBXNativeTarget section */

/* Begin PBXProject section */
		09A3590727F74775003817FC /* Project object */ = {
			isa = PBXProject;
			attributes = {
				BuildIndependentTargetsInParallel = 1;
				LastSwiftUpdateCheck = 1320;
				LastUpgradeCheck = 1320;
				TargetAttributes = {
					09A3591227F74777003817FC = {
						CreatedOnToolsVersion = 13.2.1;
					};
					09A3591827F74777003817FC = {
						CreatedOnToolsVersion = 13.2.1;
					};
					09A3591F27F74777003817FC = {
						CreatedOnToolsVersion = 13.2.1;
						TestTargetID = 09A3591227F74777003817FC;
					};
					09A3592B27F74777003817FC = {
						CreatedOnToolsVersion = 13.2.1;
						TestTargetID = 09A3591827F74777003817FC;
					};
				};
			};
			buildConfigurationList = 09A3590A27F74775003817FC /* Build configuration list for PBXProject "Final Project" */;
			compatibilityVersion = "Xcode 13.0";
			developmentRegion = en;
			hasScannedForEncodings = 0;
			knownRegions = (
				en,
				Base,
			);
			mainGroup = 09A3590627F74775003817FC;
			packageReferences = (
				09A3595428008AA9003817FC /* XCRemoteSwiftPackageReference "core-plot" */,
				09A3596D280DB48F003817FC /* XCRemoteSwiftPackageReference "swift-numerics" */,
			);
			productRefGroup = 09A3591427F74777003817FC /* Products */;
			projectDirPath = "";
			projectRoot = "";
			targets = (
				09A3591227F74777003817FC /* Final Project (iOS) */,
				09A3591827F74777003817FC /* Final Project (macOS) */,
				09A3591F27F74777003817FC /* Tests iOS */,
				09A3592B27F74777003817FC /* Tests macOS */,
			);
		};
/* End PBXProject section */

/* Begin PBXResourcesBuildPhase section */
		09A3591127F74777003817FC /* Resources */ = {
			isa = PBXResourcesBuildPhase;
			buildActionMask = 2147483647;
			files = (
				09A3593827F74777003817FC /* Assets.xcassets in Resources */,
			);
			runOnlyForDeploymentPostprocessing = 0;
		};
		09A3591727F74777003817FC /* Resources */ = {
			isa = PBXResourcesBuildPhase;
			buildActionMask = 2147483647;
			files = (
				09A3593927F74777003817FC /* Assets.xcassets in Resources */,
			);
			runOnlyForDeploymentPostprocessing = 0;
		};
		09A3591E27F74777003817FC /* Resources */ = {
			isa = PBXResourcesBuildPhase;
			buildActionMask = 2147483647;
			files = (
			);
			runOnlyForDeploymentPostprocessing = 0;
		};
		09A3592A27F74777003817FC /* Resources */ = {
			isa = PBXResourcesBuildPhase;
			buildActionMask = 2147483647;
			files = (
			);
			runOnlyForDeploymentPostprocessing = 0;
		};
/* End PBXResourcesBuildPhase section */

/* Begin PBXSourcesBuildPhase section */
		09A3590F27F74777003817FC /* Sources */ = {
			isa = PBXSourcesBuildPhase;
			buildActionMask = 2147483647;
			files = (
				09A3596B2809E11C003817FC /* TextExportDocuments.swift in Sources */,
				09A359652809DFE3003817FC /* CalculatePlotData.swift in Sources */,
				09A3593627F74777003817FC /* ContentView.swift in Sources */,
				09A35979282437A0003817FC /* Band_calc.swift in Sources */,
				09A3593427F74777003817FC /* Final_ProjectApp.swift in Sources */,
				09A3595C2800B1B4003817FC /* CorePlot.swift in Sources */,
				09A359622800B1F9003817FC /* PlotDataClass.swift in Sources */,
				09A3595F2800B1DD003817FC /* ChangingPlotParameters.swift in Sources */,
				09A359682809E0D2003817FC /* TextView.swift in Sources */,
			);
			runOnlyForDeploymentPostprocessing = 0;
		};
		09A3591527F74777003817FC /* Sources */ = {
			isa = PBXSourcesBuildPhase;
			buildActionMask = 2147483647;
			files = (
				09A3596C2809E11C003817FC /* TextExportDocuments.swift in Sources */,
				09A359662809DFE3003817FC /* CalculatePlotData.swift in Sources */,
				09A3593727F74777003817FC /* ContentView.swift in Sources */,
				09A3597A282437A0003817FC /* Band_calc.swift in Sources */,
				09A3593527F74777003817FC /* Final_ProjectApp.swift in Sources */,
				09A3595D2800B1B4003817FC /* CorePlot.swift in Sources */,
				09A359632800B1F9003817FC /* PlotDataClass.swift in Sources */,
				09A359602800B1DD003817FC /* ChangingPlotParameters.swift in Sources */,
				09A359692809E0D2003817FC /* TextView.swift in Sources */,
			);
			runOnlyForDeploymentPostprocessing = 0;
		};
		09A3591C27F74777003817FC /* Sources */ = {
			isa = PBXSourcesBuildPhase;
			buildActionMask = 2147483647;
			files = (
				09A3592727F74777003817FC /* Tests_iOSLaunchTests.swift in Sources */,
				09A3592527F74777003817FC /* Tests_iOS.swift in Sources */,
			);
			runOnlyForDeploymentPostprocessing = 0;
		};
		09A3592827F74777003817FC /* Sources */ = {
			isa = PBXSourcesBuildPhase;
			buildActionMask = 2147483647;
			files = (
				09A3593327F74777003817FC /* Tests_macOSLaunchTests.swift in Sources */,
				09A3593127F74777003817FC /* Tests_macOS.swift in Sources */,
			);
			runOnlyForDeploymentPostprocessing = 0;
		};
/* End PBXSourcesBuildPhase section */

/* Begin PBXTargetDependency section */
		09A3592227F74777003817FC /* PBXTargetDependency */ = {
			isa = PBXTargetDependency;
			target = 09A3591227F74777003817FC /* Final Project (iOS) */;
			targetProxy = 09A3592127F74777003817FC /* PBXContainerItemProxy */;
		};
		09A3592E27F74777003817FC /* PBXTargetDependency */ = {
			isa = PBXTargetDependency;
			target = 09A3591827F74777003817FC /* Final Project (macOS) */;
			targetProxy = 09A3592D27F74777003817FC /* PBXContainerItemProxy */;
		};
/* End PBXTargetDependency section */

/* Begin XCBuildConfiguration section */
		09A3593A27F74777003817FC /* Debug */ = {
			isa = XCBuildConfiguration;
			buildSettings = {
				ALWAYS_SEARCH_USER_PATHS = NO;
				CLANG_ANALYZER_NONNULL = YES;
				CLANG_ANALYZER_NUMBER_OBJECT_CONVERSION = YES_AGGRESSIVE;
				CLANG_CXX_LANGUAGE_STANDARD = "gnu++17";
				CLANG_CXX_LIBRARY = "libc++";
				CLANG_ENABLE_MODULES = YES;
				CLANG_ENABLE_OBJC_ARC = YES;
				CLANG_ENABLE_OBJC_WEAK = YES;
				CLANG_WARN_BLOCK_CAPTURE_AUTORELEASING = YES;
				CLANG_WARN_BOOL_CONVERSION = YES;
				CLANG_WARN_COMMA = YES;
				CLANG_WARN_CONSTANT_CONVERSION = YES;
				CLANG_WARN_DEPRECATED_OBJC_IMPLEMENTATIONS = YES;
				CLANG_WARN_DIRECT_OBJC_ISA_USAGE = YES_ERROR;
				CLANG_WARN_DOCUMENTATION_COMMENTS = YES;
				CLANG_WARN_EMPTY_BODY = YES;
				CLANG_WARN_ENUM_CONVERSION = YES;
				CLANG_WARN_INFINITE_RECURSION = YES;
				CLANG_WARN_INT_CONVERSION = YES;
				CLANG_WARN_NON_LITERAL_NULL_CONVERSION = YES;
				CLANG_WARN_OBJC_IMPLICIT_RETAIN_SELF = YES;
				CLANG_WARN_OBJC_LITERAL_CONVERSION = YES;
				CLANG_WARN_OBJC_ROOT_CLASS = YES_ERROR;
				CLANG_WARN_QUOTED_INCLUDE_IN_FRAMEWORK_HEADER = YES;
				CLANG_WARN_RANGE_LOOP_ANALYSIS = YES;
				CLANG_WARN_STRICT_PROTOTYPES = YES;
				CLANG_WARN_SUSPICIOUS_MOVE = YES;
				CLANG_WARN_UNGUARDED_AVAILABILITY = YES_AGGRESSIVE;
				CLANG_WARN_UNREACHABLE_CODE = YES;
				CLANG_WARN__DUPLICATE_METHOD_MATCH = YES;
				COPY_PHASE_STRIP = NO;
				DEBUG_INFORMATION_FORMAT = dwarf;
				ENABLE_STRICT_OBJC_MSGSEND = YES;
				ENABLE_TESTABILITY = YES;
				GCC_C_LANGUAGE_STANDARD = gnu11;
				GCC_DYNAMIC_NO_PIC = NO;
				GCC_NO_COMMON_BLOCKS = YES;
				GCC_OPTIMIZATION_LEVEL = 0;
				GCC_PREPROCESSOR_DEFINITIONS = (
					"DEBUG=1",
					"$(inherited)",
				);
				GCC_WARN_64_TO_32_BIT_CONVERSION = YES;
				GCC_WARN_ABOUT_RETURN_TYPE = YES_ERROR;
				GCC_WARN_UNDECLARED_SELECTOR = YES;
				GCC_WARN_UNINITIALIZED_AUTOS = YES_AGGRESSIVE;
				GCC_WARN_UNUSED_FUNCTION = YES;
				GCC_WARN_UNUSED_VARIABLE = YES;
				MTL_ENABLE_DEBUG_INFO = INCLUDE_SOURCE;
				MTL_FAST_MATH = YES;
				ONLY_ACTIVE_ARCH = YES;
				SWIFT_ACTIVE_COMPILATION_CONDITIONS = DEBUG;
				SWIFT_OPTIMIZATION_LEVEL = "-Onone";
			};
			name = Debug;
		};
		09A3593B27F74777003817FC /* Release */ = {
			isa = XCBuildConfiguration;
			buildSettings = {
				ALWAYS_SEARCH_USER_PATHS = NO;
				CLANG_ANALYZER_NONNULL = YES;
				CLANG_ANALYZER_NUMBER_OBJECT_CONVERSION = YES_AGGRESSIVE;
				CLANG_CXX_LANGUAGE_STANDARD = "gnu++17";
				CLANG_CXX_LIBRARY = "libc++";
				CLANG_ENABLE_MODULES = YES;
				CLANG_ENABLE_OBJC_ARC = YES;
				CLANG_ENABLE_OBJC_WEAK = YES;
				CLANG_WARN_BLOCK_CAPTURE_AUTORELEASING = YES;
				CLANG_WARN_BOOL_CONVERSION = YES;
				CLANG_WARN_COMMA = YES;
				CLANG_WARN_CONSTANT_CONVERSION = YES;
				CLANG_WARN_DEPRECATED_OBJC_IMPLEMENTATIONS = YES;
				CLANG_WARN_DIRECT_OBJC_ISA_USAGE = YES_ERROR;
				CLANG_WARN_DOCUMENTATION_COMMENTS = YES;
				CLANG_WARN_EMPTY_BODY = YES;
				CLANG_WARN_ENUM_CONVERSION = YES;
				CLANG_WARN_INFINITE_RECURSION = YES;
				CLANG_WARN_INT_CONVERSION = YES;
				CLANG_WARN_NON_LITERAL_NULL_CONVERSION = YES;
				CLANG_WARN_OBJC_IMPLICIT_RETAIN_SELF = YES;
				CLANG_WARN_OBJC_LITERAL_CONVERSION = YES;
				CLANG_WARN_OBJC_ROOT_CLASS = YES_ERROR;
				CLANG_WARN_QUOTED_INCLUDE_IN_FRAMEWORK_HEADER = YES;
				CLANG_WARN_RANGE_LOOP_ANALYSIS = YES;
				CLANG_WARN_STRICT_PROTOTYPES = YES;
				CLANG_WARN_SUSPICIOUS_MOVE = YES;
				CLANG_WARN_UNGUARDED_AVAILABILITY = YES_AGGRESSIVE;
				CLANG_WARN_UNREACHABLE_CODE = YES;
				CLANG_WARN__DUPLICATE_METHOD_MATCH = YES;
				COPY_PHASE_STRIP = NO;
				DEBUG_INFORMATION_FORMAT = "dwarf-with-dsym";
				ENABLE_NS_ASSERTIONS = NO;
				ENABLE_STRICT_OBJC_MSGSEND = YES;
				GCC_C_LANGUAGE_STANDARD = gnu11;
				GCC_NO_COMMON_BLOCKS = YES;
				GCC_WARN_64_TO_32_BIT_CONVERSION = YES;
				GCC_WARN_ABOUT_RETURN_TYPE = YES_ERROR;
				GCC_WARN_UNDECLARED_SELECTOR = YES;
				GCC_WARN_UNINITIALIZED_AUTOS = YES_AGGRESSIVE;
				GCC_WARN_UNUSED_FUNCTION = YES;
				GCC_WARN_UNUSED_VARIABLE = YES;
				MTL_ENABLE_DEBUG_INFO = NO;
				MTL_FAST_MATH = YES;
				SWIFT_COMPILATION_MODE = wholemodule;
				SWIFT_OPTIMIZATION_LEVEL = "-O";
			};
			name = Release;
		};
		09A3593D27F74777003817FC /* Debug */ = {
			isa = XCBuildConfiguration;
			buildSettings = {
				ASSETCATALOG_COMPILER_APPICON_NAME = AppIcon;
				ASSETCATALOG_COMPILER_GLOBAL_ACCENT_COLOR_NAME = AccentColor;
				CODE_SIGN_STYLE = Automatic;
				CURRENT_PROJECT_VERSION = 1;
				ENABLE_PREVIEWS = YES;
				GENERATE_INFOPLIST_FILE = YES;
				INFOPLIST_KEY_UIApplicationSceneManifest_Generation = YES;
				INFOPLIST_KEY_UIApplicationSupportsIndirectInputEvents = YES;
				INFOPLIST_KEY_UILaunchScreen_Generation = YES;
				INFOPLIST_KEY_UISupportedInterfaceOrientations_iPad = "UIInterfaceOrientationPortrait UIInterfaceOrientationPortraitUpsideDown UIInterfaceOrientationLandscapeLeft UIInterfaceOrientationLandscapeRight";
				INFOPLIST_KEY_UISupportedInterfaceOrientations_iPhone = "UIInterfaceOrientationPortrait UIInterfaceOrientationLandscapeLeft UIInterfaceOrientationLandscapeRight";
				IPHONEOS_DEPLOYMENT_TARGET = 15.2;
				LD_RUNPATH_SEARCH_PATHS = (
					"$(inherited)",
					"@executable_path/Frameworks",
				);
				MARKETING_VERSION = 1.0;
				PRODUCT_BUNDLE_IDENTIFIER = "IIT.Final-Project";
				PRODUCT_NAME = "Final Project";
				SDKROOT = iphoneos;
				SWIFT_EMIT_LOC_STRINGS = YES;
				SWIFT_VERSION = 5.0;
				TARGETED_DEVICE_FAMILY = "1,2";
			};
			name = Debug;
		};
		09A3593E27F74777003817FC /* Release */ = {
			isa = XCBuildConfiguration;
			buildSettings = {
				ASSETCATALOG_COMPILER_APPICON_NAME = AppIcon;
				ASSETCATALOG_COMPILER_GLOBAL_ACCENT_COLOR_NAME = AccentColor;
				CODE_SIGN_STYLE = Automatic;
				CURRENT_PROJECT_VERSION = 1;
				ENABLE_PREVIEWS = YES;
				GENERATE_INFOPLIST_FILE = YES;
				INFOPLIST_KEY_UIApplicationSceneManifest_Generation = YES;
				INFOPLIST_KEY_UIApplicationSupportsIndirectInputEvents = YES;
				INFOPLIST_KEY_UILaunchScreen_Generation = YES;
				INFOPLIST_KEY_UISupportedInterfaceOrientations_iPad = "UIInterfaceOrientationPortrait UIInterfaceOrientationPortraitUpsideDown UIInterfaceOrientationLandscapeLeft UIInterfaceOrientationLandscapeRight";
				INFOPLIST_KEY_UISupportedInterfaceOrientations_iPhone = "UIInterfaceOrientationPortrait UIInterfaceOrientationLandscapeLeft UIInterfaceOrientationLandscapeRight";
				IPHONEOS_DEPLOYMENT_TARGET = 15.2;
				LD_RUNPATH_SEARCH_PATHS = (
					"$(inherited)",
					"@executable_path/Frameworks",
				);
				MARKETING_VERSION = 1.0;
				PRODUCT_BUNDLE_IDENTIFIER = "IIT.Final-Project";
				PRODUCT_NAME = "Final Project";
				SDKROOT = iphoneos;
				SWIFT_EMIT_LOC_STRINGS = YES;
				SWIFT_VERSION = 5.0;
				TARGETED_DEVICE_FAMILY = "1,2";
				VALIDATE_PRODUCT = YES;
			};
			name = Release;
		};
		09A3594027F74777003817FC /* Debug */ = {
			isa = XCBuildConfiguration;
			buildSettings = {
				ASSETCATALOG_COMPILER_APPICON_NAME = AppIcon;
				ASSETCATALOG_COMPILER_GLOBAL_ACCENT_COLOR_NAME = AccentColor;
				CODE_SIGN_ENTITLEMENTS = macOS/macOS.entitlements;
				CODE_SIGN_STYLE = Automatic;
				COMBINE_HIDPI_IMAGES = YES;
				CURRENT_PROJECT_VERSION = 1;
				ENABLE_PREVIEWS = YES;
				GENERATE_INFOPLIST_FILE = YES;
				INFOPLIST_KEY_NSHumanReadableCopyright = "";
				LD_RUNPATH_SEARCH_PATHS = (
					"$(inherited)",
					"@executable_path/../Frameworks",
				);
				MACOSX_DEPLOYMENT_TARGET = 12.1;
				MARKETING_VERSION = 1.0;
				PRODUCT_BUNDLE_IDENTIFIER = "IIT.Final-Project";
				PRODUCT_NAME = "Final Project";
				SDKROOT = macosx;
				SWIFT_EMIT_LOC_STRINGS = YES;
				SWIFT_VERSION = 5.0;
			};
			name = Debug;
		};
		09A3594127F74777003817FC /* Release */ = {
			isa = XCBuildConfiguration;
			buildSettings = {
				ASSETCATALOG_COMPILER_APPICON_NAME = AppIcon;
				ASSETCATALOG_COMPILER_GLOBAL_ACCENT_COLOR_NAME = AccentColor;
				CODE_SIGN_ENTITLEMENTS = macOS/macOS.entitlements;
				CODE_SIGN_STYLE = Automatic;
				COMBINE_HIDPI_IMAGES = YES;
				CURRENT_PROJECT_VERSION = 1;
				ENABLE_PREVIEWS = YES;
				GENERATE_INFOPLIST_FILE = YES;
				INFOPLIST_KEY_NSHumanReadableCopyright = "";
				LD_RUNPATH_SEARCH_PATHS = (
					"$(inherited)",
					"@executable_path/../Frameworks",
				);
				MACOSX_DEPLOYMENT_TARGET = 12.1;
				MARKETING_VERSION = 1.0;
				PRODUCT_BUNDLE_IDENTIFIER = "IIT.Final-Project";
				PRODUCT_NAME = "Final Project";
				SDKROOT = macosx;
				SWIFT_EMIT_LOC_STRINGS = YES;
				SWIFT_VERSION = 5.0;
			};
			name = Release;
		};
		09A3594327F74777003817FC /* Debug */ = {
			isa = XCBuildConfiguration;
			buildSettings = {
				ALWAYS_EMBED_SWIFT_STANDARD_LIBRARIES = YES;
				CODE_SIGN_STYLE = Automatic;
				CURRENT_PROJECT_VERSION = 1;
				GENERATE_INFOPLIST_FILE = YES;
				IPHONEOS_DEPLOYMENT_TARGET = 15.2;
				MARKETING_VERSION = 1.0;
				PRODUCT_BUNDLE_IDENTIFIER = "IIT.Tests-iOS";
				PRODUCT_NAME = "$(TARGET_NAME)";
				SDKROOT = iphoneos;
				SWIFT_EMIT_LOC_STRINGS = NO;
				SWIFT_VERSION = 5.0;
				TARGETED_DEVICE_FAMILY = "1,2";
				TEST_TARGET_NAME = "Final Project (iOS)";
			};
			name = Debug;
		};
		09A3594427F74777003817FC /* Release */ = {
			isa = XCBuildConfiguration;
			buildSettings = {
				ALWAYS_EMBED_SWIFT_STANDARD_LIBRARIES = YES;
				CODE_SIGN_STYLE = Automatic;
				CURRENT_PROJECT_VERSION = 1;
				GENERATE_INFOPLIST_FILE = YES;
				IPHONEOS_DEPLOYMENT_TARGET = 15.2;
				MARKETING_VERSION = 1.0;
				PRODUCT_BUNDLE_IDENTIFIER = "IIT.Tests-iOS";
				PRODUCT_NAME = "$(TARGET_NAME)";
				SDKROOT = iphoneos;
				SWIFT_EMIT_LOC_STRINGS = NO;
				SWIFT_VERSION = 5.0;
				TARGETED_DEVICE_FAMILY = "1,2";
				TEST_TARGET_NAME = "Final Project (iOS)";
				VALIDATE_PRODUCT = YES;
			};
			name = Release;
		};
		09A3594627F74777003817FC /* Debug */ = {
			isa = XCBuildConfiguration;
			buildSettings = {
				ALWAYS_EMBED_SWIFT_STANDARD_LIBRARIES = YES;
				CODE_SIGN_STYLE = Automatic;
				CURRENT_PROJECT_VERSION = 1;
				GENERATE_INFOPLIST_FILE = YES;
				MACOSX_DEPLOYMENT_TARGET = 12.1;
				MARKETING_VERSION = 1.0;
				PRODUCT_BUNDLE_IDENTIFIER = "IIT.Tests-macOS";
				PRODUCT_NAME = "$(TARGET_NAME)";
				SDKROOT = macosx;
				SWIFT_EMIT_LOC_STRINGS = NO;
				SWIFT_VERSION = 5.0;
				TEST_TARGET_NAME = "Final Project (macOS)";
			};
			name = Debug;
		};
		09A3594727F74777003817FC /* Release */ = {
			isa = XCBuildConfiguration;
			buildSettings = {
				ALWAYS_EMBED_SWIFT_STANDARD_LIBRARIES = YES;
				CODE_SIGN_STYLE = Automatic;
				CURRENT_PROJECT_VERSION = 1;
				GENERATE_INFOPLIST_FILE = YES;
				MACOSX_DEPLOYMENT_TARGET = 12.1;
				MARKETING_VERSION = 1.0;
				PRODUCT_BUNDLE_IDENTIFIER = "IIT.Tests-macOS";
				PRODUCT_NAME = "$(TARGET_NAME)";
				SDKROOT = macosx;
				SWIFT_EMIT_LOC_STRINGS = NO;
				SWIFT_VERSION = 5.0;
				TEST_TARGET_NAME = "Final Project (macOS)";
			};
			name = Release;
		};
/* End XCBuildConfiguration section */

/* Begin XCConfigurationList section */
		09A3590A27F74775003817FC /* Build configuration list for PBXProject "Final Project" */ = {
			isa = XCConfigurationList;
			buildConfigurations = (
				09A3593A27F74777003817FC /* Debug */,
				09A3593B27F74777003817FC /* Release */,
			);
			defaultConfigurationIsVisible = 0;
			defaultConfigurationName = Release;
		};
		09A3593C27F74777003817FC /* Build configuration list for PBXNativeTarget "Final Project (iOS)" */ = {
			isa = XCConfigurationList;
			buildConfigurations = (
				09A3593D27F74777003817FC /* Debug */,
				09A3593E27F74777003817FC /* Release */,
			);
			defaultConfigurationIsVisible = 0;
			defaultConfigurationName = Release;
		};
		09A3593F27F74777003817FC /* Build configuration list for PBXNativeTarget "Final Project (macOS)" */ = {
			isa = XCConfigurationList;
			buildConfigurations = (
				09A3594027F74777003817FC /* Debug */,
				09A3594127F74777003817FC /* Release */,
			);
			defaultConfigurationIsVisible = 0;
			defaultConfigurationName = Release;
		};
		09A3594227F74777003817FC /* Build configuration list for PBXNativeTarget "Tests iOS" */ = {
			isa = XCConfigurationList;
			buildConfigurations = (
				09A3594327F74777003817FC /* Debug */,
				09A3594427F74777003817FC /* Release */,
			);
			defaultConfigurationIsVisible = 0;
			defaultConfigurationName = Release;
		};
		09A3594527F74777003817FC /* Build configuration list for PBXNativeTarget "Tests macOS" */ = {
			isa = XCConfigurationList;
			buildConfigurations = (
				09A3594627F74777003817FC /* Debug */,
				09A3594727F74777003817FC /* Release */,
			);
			defaultConfigurationIsVisible = 0;
			defaultConfigurationName = Release;
		};
/* End XCConfigurationList section */

/* Begin XCRemoteSwiftPackageReference section */
		09A3595428008AA9003817FC /* XCRemoteSwiftPackageReference "core-plot" */ = {
			isa = XCRemoteSwiftPackageReference;
			repositoryURL = "https://github.com/core-plot/core-plot/";
			requirement = {
				branch = "release-2.4";
				kind = branch;
			};
		};
		09A3596D280DB48F003817FC /* XCRemoteSwiftPackageReference "swift-numerics" */ = {
			isa = XCRemoteSwiftPackageReference;
			repositoryURL = "https://github.com/apple/swift-numerics.git";
			requirement = {
				kind = upToNextMajorVersion;
				minimumVersion = 1.0.0;
			};
		};
/* End XCRemoteSwiftPackageReference section */

/* Begin XCSwiftPackageProductDependency section */
		09A3595528008AA9003817FC /* CorePlot */ = {
			isa = XCSwiftPackageProductDependency;
			package = 09A3595428008AA9003817FC /* XCRemoteSwiftPackageReference "core-plot" */;
			productName = CorePlot;
		};
		09A3595828008AB7003817FC /* CorePlot */ = {
			isa = XCSwiftPackageProductDependency;
			package = 09A3595428008AA9003817FC /* XCRemoteSwiftPackageReference "core-plot" */;
			productName = CorePlot;
		};
		09A3596E280DB48F003817FC /* ComplexModule */ = {
			isa = XCSwiftPackageProductDependency;
			package = 09A3596D280DB48F003817FC /* XCRemoteSwiftPackageReference "swift-numerics" */;
			productName = ComplexModule;
		};
		09A35970280DB48F003817FC /* Numerics */ = {
			isa = XCSwiftPackageProductDependency;
			package = 09A3596D280DB48F003817FC /* XCRemoteSwiftPackageReference "swift-numerics" */;
			productName = Numerics;
		};
		09A35972280DB48F003817FC /* RealModule */ = {
			isa = XCSwiftPackageProductDependency;
			package = 09A3596D280DB48F003817FC /* XCRemoteSwiftPackageReference "swift-numerics" */;
			productName = RealModule;
		};
		09A359742813146E003817FC /* ComplexModule */ = {
			isa = XCSwiftPackageProductDependency;
			package = 09A3596D280DB48F003817FC /* XCRemoteSwiftPackageReference "swift-numerics" */;
			productName = ComplexModule;
		};
		09A3597628131471003817FC /* Numerics */ = {
			isa = XCSwiftPackageProductDependency;
			package = 09A3596D280DB48F003817FC /* XCRemoteSwiftPackageReference "swift-numerics" */;
			productName = Numerics;
		};
/* End XCSwiftPackageProductDependency section */
	};
	rootObject = 09A3590727F74775003817FC /* Project object */;
}
